
Microsoft Visual Studio Solution File, Format Version 12.00
# Visual Studio Version 16
VisualStudioVersion = 16.0.30804.86
MinimumVisualStudioVersion = 10.0.40219.1
Project("{9A19103F-16F7-4668-BE54-9A1E7A4F7556}") = "KampIntro", "KampIntro\KampIntro.csproj", "{19F8B19D-2A4D-4A7F-9C89-D24C48518424}"
EndProject
Project("{9A19103F-16F7-4668-BE54-9A1E7A4F7556}") = "Donguler", "Donguler\Donguler.csproj", "{1F4798E6-77F1-4908-B09C-A9DBF6AFA6B5}"
EndProject
Project("{9A19103F-16F7-4668-BE54-9A1E7A4F7556}") = "ClassIntro", "ClassIntro\ClassIntro.csproj", "{66C1BD95-0766-45D3-A297-D2820D393AFF}"
EndProject
Project("{9A19103F-16F7-4668-BE54-9A1E7A4F7556}") = "Metotlar", "Metotlar\Metotlar.csproj", "{11FE9B25-E24B-4E87-B723-47A9DC025E52}"
EndProject
Project("{9A19103F-16F7-4668-BE54-9A1E7A4F7556}") = "Matematik", "Matematik\Matematik.csproj", "{808AAF73-5016-4416-A811-9957EC5BAA33}"
EndProject
Project("{9A19103F-16F7-4668-BE54-9A1E7A4F7556}") = "DegerVeReferansTipler", "DegerVeReferansTipler\DegerVeReferansTipler.csproj", "{AA3D62BD-9911-4F82-BC95-BAF99FCA7C6D}"
EndProject
Project("{2150E333-8FDC-42A3-9474-1A3956D46DE8}") = "Homeworks", "Homeworks", "{9377D3EE-4B59-4AC8-B0C7-2706BF80F119}"
EndProject
Project("{9A19103F-16F7-4668-BE54-9A1E7A4F7556}") = "Homework2_6", "Homework2_6\Homework2_6.csproj", "{92A2FACE-69B6-453C-B83A-21BE93617D79}"
EndProject
Project("{9A19103F-16F7-4668-BE54-9A1E7A4F7556}") = "Arrays-Diziler", "Arrays-Diziler\Arrays-Diziler.csproj", "{929ED258-53FE-48AA-9060-EA7E6F84F134}"
EndProject
Project("{9A19103F-16F7-4668-BE54-9A1E7A4F7556}") = "Homework_3_3_ClassMetotDemo", "Homework_3_3_ClassMetotDemo\Homework_3_3_ClassMetotDemo.csproj", "{F49AA316-9361-4900-B9CA-04FBA96F7939}"
EndProject
Project("{9A19103F-16F7-4668-BE54-9A1E7A4F7556}") = "OOP1", "OOP1\OOP1.csproj", "{2BCBA927-2AF7-471B-B7D7-A64AA62ED096}"
EndProject
Project("{9A19103F-16F7-4668-BE54-9A1E7A4F7556}") = "Collections", "Collections\Collections.csproj", "{D4AE64AA-7FD6-4CB3-AF41-BB678FADE7E8}"
EndProject
Project("{9A19103F-16F7-4668-BE54-9A1E7A4F7556}") = "GenericsIntro", "GenericsIntro\GenericsIntro.csproj", "{7D1BB976-04EC-4B8C-9EB8-886715EA2D7A}"
EndProject
Project("{9A19103F-16F7-4668-BE54-9A1E7A4F7556}") = "Homework_4_5_MyDictionary", "Homework_4_5_MyDictionary\Homework_4_5_MyDictionary.csproj", "{60379A14-A729-4BF8-811C-FE72DFB52C04}"
EndProject
Project("{9A19103F-16F7-4668-BE54-9A1E7A4F7556}") = "OOP2", "OOP2\OOP2.csproj", "{D22264A1-5A7C-4C4A-887C-E616D81409A5}"
EndProject
Project("{FAE04EC0-301F-11D3-BF4B-00C04F79EFBC}") = "OOP3", "OOP3\OOP3.csproj", "{CA7B50FD-B512-4A94-B700-3AB0B47BF6AE}"
EndProject
Project("{FAE04EC0-301F-11D3-BF4B-00C04F79EFBC}") = "Homework_5_3_AbstractClasses", "Homework_5_3_AbstractClasses\Homework_5_3_AbstractClasses.csproj", "{EC7EC7F5-11AD-4C5A-8B37-36633F10E1EE}"
EndProject
Global
	GlobalSection(SolutionConfigurationPlatforms) = preSolution
		Debug|Any CPU = Debug|Any CPU
		Release|Any CPU = Release|Any CPU
	EndGlobalSection
	GlobalSection(ProjectConfigurationPlatforms) = postSolution
		{19F8B19D-2A4D-4A7F-9C89-D24C48518424}.Debug|Any CPU.ActiveCfg = Debug|Any CPU
		{19F8B19D-2A4D-4A7F-9C89-D24C48518424}.Debug|Any CPU.Build.0 = Debug|Any CPU
		{19F8B19D-2A4D-4A7F-9C89-D24C48518424}.Release|Any CPU.ActiveCfg = Release|Any CPU
		{19F8B19D-2A4D-4A7F-9C89-D24C48518424}.Release|Any CPU.Build.0 = Release|Any CPU
		{1F4798E6-77F1-4908-B09C-A9DBF6AFA6B5}.Debug|Any CPU.ActiveCfg = Debug|Any CPU
		{1F4798E6-77F1-4908-B09C-A9DBF6AFA6B5}.Debug|Any CPU.Build.0 = Debug|Any CPU
		{1F4798E6-77F1-4908-B09C-A9DBF6AFA6B5}.Release|Any CPU.ActiveCfg = Release|Any CPU
		{1F4798E6-77F1-4908-B09C-A9DBF6AFA6B5}.Release|Any CPU.Build.0 = Release|Any CPU
		{66C1BD95-0766-45D3-A297-D2820D393AFF}.Debug|Any CPU.ActiveCfg = Debug|Any CPU
		{66C1BD95-0766-45D3-A297-D2820D393AFF}.Debug|Any CPU.Build.0 = Debug|Any CPU
		{66C1BD95-0766-45D3-A297-D2820D393AFF}.Release|Any CPU.ActiveCfg = Release|Any CPU
		{66C1BD95-0766-45D3-A297-D2820D393AFF}.Release|Any CPU.Build.0 = Release|Any CPU
		{11FE9B25-E24B-4E87-B723-47A9DC025E52}.Debug|Any CPU.ActiveCfg = Debug|Any CPU
		{11FE9B25-E24B-4E87-B723-47A9DC025E52}.Debug|Any CPU.Build.0 = Debug|Any CPU
		{11FE9B25-E24B-4E87-B723-47A9DC025E52}.Release|Any CPU.ActiveCfg = Release|Any CPU
		{11FE9B25-E24B-4E87-B723-47A9DC025E52}.Release|Any CPU.Build.0 = Release|Any CPU
		{808AAF73-5016-4416-A811-9957EC5BAA33}.Debug|Any CPU.ActiveCfg = Debug|Any CPU
		{808AAF73-5016-4416-A811-9957EC5BAA33}.Debug|Any CPU.Build.0 = Debug|Any CPU
		{808AAF73-5016-4416-A811-9957EC5BAA33}.Release|Any CPU.ActiveCfg = Release|Any CPU
		{808AAF73-5016-4416-A811-9957EC5BAA33}.Release|Any CPU.Build.0 = Release|Any CPU
		{AA3D62BD-9911-4F82-BC95-BAF99FCA7C6D}.Debug|Any CPU.ActiveCfg = Debug|Any CPU
		{AA3D62BD-9911-4F82-BC95-BAF99FCA7C6D}.Debug|Any CPU.Build.0 = Debug|Any CPU
		{AA3D62BD-9911-4F82-BC95-BAF99FCA7C6D}.Release|Any CPU.ActiveCfg = Release|Any CPU
		{AA3D62BD-9911-4F82-BC95-BAF99FCA7C6D}.Release|Any CPU.Build.0 = Release|Any CPU
		{92A2FACE-69B6-453C-B83A-21BE93617D79}.Debug|Any CPU.ActiveCfg = Debug|Any CPU
		{92A2FACE-69B6-453C-B83A-21BE93617D79}.Debug|Any CPU.Build.0 = Debug|Any CPU
		{92A2FACE-69B6-453C-B83A-21BE93617D79}.Release|Any CPU.ActiveCfg = Release|Any CPU
		{92A2FACE-69B6-453C-B83A-21BE93617D79}.Release|Any CPU.Build.0 = Release|Any CPU
		{929ED258-53FE-48AA-9060-EA7E6F84F134}.Debug|Any CPU.ActiveCfg = Debug|Any CPU
		{929ED258-53FE-48AA-9060-EA7E6F84F134}.Debug|Any CPU.Build.0 = Debug|Any CPU
		{929ED258-53FE-48AA-9060-EA7E6F84F134}.Release|Any CPU.ActiveCfg = Release|Any CPU
		{929ED258-53FE-48AA-9060-EA7E6F84F134}.Release|Any CPU.Build.0 = Release|Any CPU
		{F49AA316-9361-4900-B9CA-04FBA96F7939}.Debug|Any CPU.ActiveCfg = Debug|Any CPU
		{F49AA316-9361-4900-B9CA-04FBA96F7939}.Debug|Any CPU.Build.0 = Debug|Any CPU
		{F49AA316-9361-4900-B9CA-04FBA96F7939}.Release|Any CPU.ActiveCfg = Release|Any CPU
		{F49AA316-9361-4900-B9CA-04FBA96F7939}.Release|Any CPU.Build.0 = Release|Any CPU
		{2BCBA927-2AF7-471B-B7D7-A64AA62ED096}.Debug|Any CPU.ActiveCfg = Debug|Any CPU
		{2BCBA927-2AF7-471B-B7D7-A64AA62ED096}.Debug|Any CPU.Build.0 = Debug|Any CPU
		{2BCBA927-2AF7-471B-B7D7-A64AA62ED096}.Release|Any CPU.ActiveCfg = Release|Any CPU
		{2BCBA927-2AF7-471B-B7D7-A64AA62ED096}.Release|Any CPU.Build.0 = Release|Any CPU
		{D4AE64AA-7FD6-4CB3-AF41-BB678FADE7E8}.Debug|Any CPU.ActiveCfg = Debug|Any CPU
		{D4AE64AA-7FD6-4CB3-AF41-BB678FADE7E8}.Debug|Any CPU.Build.0 = Debug|Any CPU
		{D4AE64AA-7FD6-4CB3-AF41-BB678FADE7E8}.Release|Any CPU.ActiveCfg = Release|Any CPU
		{D4AE64AA-7FD6-4CB3-AF41-BB678FADE7E8}.Release|Any CPU.Build.0 = Release|Any CPU
		{7D1BB976-04EC-4B8C-9EB8-886715EA2D7A}.Debug|Any CPU.ActiveCfg = Debug|Any CPU
		{7D1BB976-04EC-4B8C-9EB8-886715EA2D7A}.Debug|Any CPU.Build.0 = Debug|Any CPU
		{7D1BB976-04EC-4B8C-9EB8-886715EA2D7A}.Release|Any CPU.ActiveCfg = Release|Any CPU
		{7D1BB976-04EC-4B8C-9EB8-886715EA2D7A}.Release|Any CPU.Build.0 = Release|Any CPU
		{60379A14-A729-4BF8-811C-FE72DFB52C04}.Debug|Any CPU.ActiveCfg = Debug|Any CPU
		{60379A14-A729-4BF8-811C-FE72DFB52C04}.Debug|Any CPU.Build.0 = Debug|Any CPU
		{60379A14-A729-4BF8-811C-FE72DFB52C04}.Release|Any CPU.ActiveCfg = Release|Any CPU
		{60379A14-A729-4BF8-811C-FE72DFB52C04}.Release|Any CPU.Build.0 = Release|Any CPU
		{D22264A1-5A7C-4C4A-887C-E616D81409A5}.Debug|Any CPU.ActiveCfg = Debug|Any CPU
		{D22264A1-5A7C-4C4A-887C-E616D81409A5}.Debug|Any CPU.Build.0 = Debug|Any CPU
		{D22264A1-5A7C-4C4A-887C-E616D81409A5}.Release|Any CPU.ActiveCfg = Release|Any CPU
		{D22264A1-5A7C-4C4A-887C-E616D81409A5}.Release|Any CPU.Build.0 = Release|Any CPU
		{CA7B50FD-B512-4A94-B700-3AB0B47BF6AE}.Debug|Any CPU.ActiveCfg = Debug|Any CPU
		{CA7B50FD-B512-4A94-B700-3AB0B47BF6AE}.Debug|Any CPU.Build.0 = Debug|Any CPU
		{CA7B50FD-B512-4A94-B700-3AB0B47BF6AE}.Release|Any CPU.ActiveCfg = Release|Any CPU
		{CA7B50FD-B512-4A94-B700-3AB0B47BF6AE}.Release|Any CPU.Build.0 = Release|Any CPU
		{EC7EC7F5-11AD-4C5A-8B37-36633F10E1EE}.Debug|Any CPU.ActiveCfg = Debug|Any CPU
		{EC7EC7F5-11AD-4C5A-8B37-36633F10E1EE}.Debug|Any CPU.Build.0 = Debug|Any CPU
		{EC7EC7F5-11AD-4C5A-8B37-36633F10E1EE}.Release|Any CPU.ActiveCfg = Release|Any CPU
		{EC7EC7F5-11AD-4C5A-8B37-36633F10E1EE}.Release|Any CPU.Build.0 = Release|Any CPU
	EndGlobalSection
	GlobalSection(SolutionProperties) = preSolution
		HideSolutionNode = FALSE
	EndGlobalSection
	GlobalSection(NestedProjects) = preSolution
		{92A2FACE-69B6-453C-B83A-21BE93617D79} = {9377D3EE-4B59-4AC8-B0C7-2706BF80F119}
		{F49AA316-9361-4900-B9CA-04FBA96F7939} = {9377D3EE-4B59-4AC8-B0C7-2706BF80F119}
		{60379A14-A729-4BF8-811C-FE72DFB52C04} = {9377D3EE-4B59-4AC8-B0C7-2706BF80F119}
		{EC7EC7F5-11AD-4C5A-8B37-36633F10E1EE} = {9377D3EE-4B59-4AC8-B0C7-2706BF80F119}
	EndGlobalSection
	GlobalSection(ExtensibilityGlobals) = postSolution
		SolutionGuid = {4B863606-67E0-4E62-A646-F48EE31E383A}
	EndGlobalSection
EndGlobal
